// !$*UTF8*$!
{
	archiveVersion = 1;
	classes = {
	};
	objectVersion = 56;
	objects = {

/* Begin PBXBuildFile section */
		62BB74C3529BF7FA94A30127 /* Pods_BookShop.framework in Frameworks */ = {isa = PBXBuildFile; fileRef = 79C304B7C2345890960CA85D /* Pods_BookShop.framework */; };
		84791A022C17198E00670BD8 /* AppDelegate.swift in Sources */ = {isa = PBXBuildFile; fileRef = 84791A012C17198E00670BD8 /* AppDelegate.swift */; };
		84791A042C17198E00670BD8 /* SceneDelegate.swift in Sources */ = {isa = PBXBuildFile; fileRef = 84791A032C17198E00670BD8 /* SceneDelegate.swift */; };
		84791A062C17198E00670BD8 /* RootViewController.swift in Sources */ = {isa = PBXBuildFile; fileRef = 84791A052C17198E00670BD8 /* RootViewController.swift */; };
		84791A0B2C17199000670BD8 /* Assets.xcassets in Resources */ = {isa = PBXBuildFile; fileRef = 84791A0A2C17199000670BD8 /* Assets.xcassets */; };
		84791A0E2C17199000670BD8 /* LaunchScreen.storyboard in Resources */ = {isa = PBXBuildFile; fileRef = 84791A0C2C17199000670BD8 /* LaunchScreen.storyboard */; };
		84DE54872C1BD56800BC5587 /* Device.swift in Sources */ = {isa = PBXBuildFile; fileRef = 84DE54862C1BD56800BC5587 /* Device.swift */; };
		84DE548B2C202E4200BC5587 /* SearchViewController.swift in Sources */ = {isa = PBXBuildFile; fileRef = 84DE548A2C202E4200BC5587 /* SearchViewController.swift */; };
		84DE54922C23D7AC00BC5587 /* NetworkService.swift in Sources */ = {isa = PBXBuildFile; fileRef = 84DE54912C23D7AC00BC5587 /* NetworkService.swift */; };
		84DE54942C2419F700BC5587 /* Date.swift in Sources */ = {isa = PBXBuildFile; fileRef = 84DE54932C2419F700BC5587 /* Date.swift */; };
		84DE54962C29330200BC5587 /* Endpoint.swift in Sources */ = {isa = PBXBuildFile; fileRef = 84DE54952C29330200BC5587 /* Endpoint.swift */; };
		84DE54982C293E9900BC5587 /* Response.swift in Sources */ = {isa = PBXBuildFile; fileRef = 84DE54972C293E9900BC5587 /* Response.swift */; };
		84DE549C2C2948CA00BC5587 /* Repository.swift in Sources */ = {isa = PBXBuildFile; fileRef = 84DE549B2C2948CA00BC5587 /* Repository.swift */; };
		84DE549E2C294F1B00BC5587 /* SearchViewModel.swift in Sources */ = {isa = PBXBuildFile; fileRef = 84DE549D2C294F1A00BC5587 /* SearchViewModel.swift */; };
		84DE54A02C294F2100BC5587 /* ViewModel.swift in Sources */ = {isa = PBXBuildFile; fileRef = 84DE549F2C294F2100BC5587 /* ViewModel.swift */; };
		84DE54E02C3295E500BC5587 /* SearchListCellContentView.swift in Sources */ = {isa = PBXBuildFile; fileRef = 84DE54DF2C3295E500BC5587 /* SearchListCellContentView.swift */; };
		84DE54E22C32960400BC5587 /* BaseView.swift in Sources */ = {isa = PBXBuildFile; fileRef = 84DE54E12C32960400BC5587 /* BaseView.swift */; };
		84DE54E42C32984100BC5587 /* UI.swift in Sources */ = {isa = PBXBuildFile; fileRef = 84DE54E32C32984100BC5587 /* UI.swift */; };
		84DE54E62C32995700BC5587 /* SearchListCell.swift in Sources */ = {isa = PBXBuildFile; fileRef = 84DE54E52C32995700BC5587 /* SearchListCell.swift */; };
		84DE54E82C34F0DF00BC5587 /* DetailViewController.swift in Sources */ = {isa = PBXBuildFile; fileRef = 84DE54E72C34F0DF00BC5587 /* DetailViewController.swift */; };
		84DE54EA2C353E5100BC5587 /* DetailViewModel.swift in Sources */ = {isa = PBXBuildFile; fileRef = 84DE54E92C353E5100BC5587 /* DetailViewModel.swift */; };
		84DE54EC2C35456800BC5587 /* DetailContentView.swift in Sources */ = {isa = PBXBuildFile; fileRef = 84DE54EB2C35456800BC5587 /* DetailContentView.swift */; };
		84DE54EF2C36915200BC5587 /* BookManager.swift in Sources */ = {isa = PBXBuildFile; fileRef = 84DE54EE2C36915200BC5587 /* BookManager.swift */; };
/* End PBXBuildFile section */

/* Begin PBXFileReference section */
		0C140DE78E22E4D695153D9B /* Pods-BookShop.debug.xcconfig */ = {isa = PBXFileReference; includeInIndex = 1; lastKnownFileType = text.xcconfig; name = "Pods-BookShop.debug.xcconfig"; path = "Target Support Files/Pods-BookShop/Pods-BookShop.debug.xcconfig"; sourceTree = "<group>"; };
		22AE6A7D42EF7E45BAA30D77 /* Pods-BookShop.release.xcconfig */ = {isa = PBXFileReference; includeInIndex = 1; lastKnownFileType = text.xcconfig; name = "Pods-BookShop.release.xcconfig"; path = "Target Support Files/Pods-BookShop/Pods-BookShop.release.xcconfig"; sourceTree = "<group>"; };
		79C304B7C2345890960CA85D /* Pods_BookShop.framework */ = {isa = PBXFileReference; explicitFileType = wrapper.framework; includeInIndex = 0; path = Pods_BookShop.framework; sourceTree = BUILT_PRODUCTS_DIR; };
		847919FE2C17198E00670BD8 /* BookShop.app */ = {isa = PBXFileReference; explicitFileType = wrapper.application; includeInIndex = 0; path = BookShop.app; sourceTree = BUILT_PRODUCTS_DIR; };
		84791A012C17198E00670BD8 /* AppDelegate.swift */ = {isa = PBXFileReference; lastKnownFileType = sourcecode.swift; path = AppDelegate.swift; sourceTree = "<group>"; };
		84791A032C17198E00670BD8 /* SceneDelegate.swift */ = {isa = PBXFileReference; lastKnownFileType = sourcecode.swift; path = SceneDelegate.swift; sourceTree = "<group>"; };
		84791A052C17198E00670BD8 /* RootViewController.swift */ = {isa = PBXFileReference; lastKnownFileType = sourcecode.swift; path = RootViewController.swift; sourceTree = "<group>"; };
		84791A0A2C17199000670BD8 /* Assets.xcassets */ = {isa = PBXFileReference; lastKnownFileType = folder.assetcatalog; path = Assets.xcassets; sourceTree = "<group>"; };
		84791A0D2C17199000670BD8 /* Base */ = {isa = PBXFileReference; lastKnownFileType = file.storyboard; name = Base; path = Base.lproj/LaunchScreen.storyboard; sourceTree = "<group>"; };
		84791A0F2C17199000670BD8 /* Info.plist */ = {isa = PBXFileReference; lastKnownFileType = text.plist.xml; path = Info.plist; sourceTree = "<group>"; };
		84DE54862C1BD56800BC5587 /* Device.swift */ = {isa = PBXFileReference; lastKnownFileType = sourcecode.swift; path = Device.swift; sourceTree = "<group>"; };
		84DE548A2C202E4200BC5587 /* SearchViewController.swift */ = {isa = PBXFileReference; lastKnownFileType = sourcecode.swift; path = SearchViewController.swift; sourceTree = "<group>"; };
		84DE54912C23D7AC00BC5587 /* NetworkService.swift */ = {isa = PBXFileReference; lastKnownFileType = sourcecode.swift; path = NetworkService.swift; sourceTree = "<group>"; };
		84DE54932C2419F700BC5587 /* Date.swift */ = {isa = PBXFileReference; lastKnownFileType = sourcecode.swift; path = Date.swift; sourceTree = "<group>"; };
		84DE54952C29330200BC5587 /* Endpoint.swift */ = {isa = PBXFileReference; lastKnownFileType = sourcecode.swift; path = Endpoint.swift; sourceTree = "<group>"; };
		84DE54972C293E9900BC5587 /* Response.swift */ = {isa = PBXFileReference; lastKnownFileType = sourcecode.swift; path = Response.swift; sourceTree = "<group>"; };
		84DE549B2C2948CA00BC5587 /* Repository.swift */ = {isa = PBXFileReference; lastKnownFileType = sourcecode.swift; path = Repository.swift; sourceTree = "<group>"; };
		84DE549D2C294F1A00BC5587 /* SearchViewModel.swift */ = {isa = PBXFileReference; lastKnownFileType = sourcecode.swift; path = SearchViewModel.swift; sourceTree = "<group>"; };
		84DE549F2C294F2100BC5587 /* ViewModel.swift */ = {isa = PBXFileReference; lastKnownFileType = sourcecode.swift; path = ViewModel.swift; sourceTree = "<group>"; };
		84DE54DF2C3295E500BC5587 /* SearchListCellContentView.swift */ = {isa = PBXFileReference; lastKnownFileType = sourcecode.swift; path = SearchListCellContentView.swift; sourceTree = "<group>"; };
		84DE54E12C32960400BC5587 /* BaseView.swift */ = {isa = PBXFileReference; lastKnownFileType = sourcecode.swift; path = BaseView.swift; sourceTree = "<group>"; };
		84DE54E32C32984100BC5587 /* UI.swift */ = {isa = PBXFileReference; lastKnownFileType = sourcecode.swift; path = UI.swift; sourceTree = "<group>"; };
		84DE54E52C32995700BC5587 /* SearchListCell.swift */ = {isa = PBXFileReference; lastKnownFileType = sourcecode.swift; path = SearchListCell.swift; sourceTree = "<group>"; };
		84DE54E72C34F0DF00BC5587 /* DetailViewController.swift */ = {isa = PBXFileReference; lastKnownFileType = sourcecode.swift; path = DetailViewController.swift; sourceTree = "<group>"; };
		84DE54E92C353E5100BC5587 /* DetailViewModel.swift */ = {isa = PBXFileReference; lastKnownFileType = sourcecode.swift; path = DetailViewModel.swift; sourceTree = "<group>"; };
		84DE54EB2C35456800BC5587 /* DetailContentView.swift */ = {isa = PBXFileReference; lastKnownFileType = sourcecode.swift; path = DetailContentView.swift; sourceTree = "<group>"; };
		84DE54EE2C36915200BC5587 /* BookManager.swift */ = {isa = PBXFileReference; lastKnownFileType = sourcecode.swift; path = BookManager.swift; sourceTree = "<group>"; };
/* End PBXFileReference section */

/* Begin PBXFrameworksBuildPhase section */
		847919FB2C17198E00670BD8 /* Frameworks */ = {
			isa = PBXFrameworksBuildPhase;
			buildActionMask = 2147483647;
			files = (
				62BB74C3529BF7FA94A30127 /* Pods_BookShop.framework in Frameworks */,
			);
			runOnlyForDeploymentPostprocessing = 0;
		};
/* End PBXFrameworksBuildPhase section */

/* Begin PBXGroup section */
		53BE1797A0678961693DAB0B /* Pods */ = {
			isa = PBXGroup;
			children = (
				0C140DE78E22E4D695153D9B /* Pods-BookShop.debug.xcconfig */,
				22AE6A7D42EF7E45BAA30D77 /* Pods-BookShop.release.xcconfig */,
			);
			path = Pods;
			sourceTree = "<group>";
		};
		846C08452C1BC65400E3CCAF /* Delegate */ = {
			isa = PBXGroup;
			children = (
				84791A012C17198E00670BD8 /* AppDelegate.swift */,
				84791A032C17198E00670BD8 /* SceneDelegate.swift */,
			);
			path = Delegate;
			sourceTree = "<group>";
		};
		846C08462C1BC66100E3CCAF /* App */ = {
			isa = PBXGroup;
			children = (
				84DE54902C23D47A00BC5587 /* Service */,
				84791A052C17198E00670BD8 /* RootViewController.swift */,
				84DE54892C202E3200BC5587 /* Search */,
				84DE54ED2C365FD600BC5587 /* Detail */,
			);
			path = App;
			sourceTree = "<group>";
		};
		846C08472C1BC66A00E3CCAF /* Common */ = {
			isa = PBXGroup;
			children = (
				84DE54852C1BD54800BC5587 /* Extension */,
				84DE549F2C294F2100BC5587 /* ViewModel.swift */,
				84791A0A2C17199000670BD8 /* Assets.xcassets */,
				84791A0C2C17199000670BD8 /* LaunchScreen.storyboard */,
				84791A0F2C17199000670BD8 /* Info.plist */,
				84DE54862C1BD56800BC5587 /* Device.swift */,
				84DE54E12C32960400BC5587 /* BaseView.swift */,
			);
			path = Common;
			sourceTree = "<group>";
		};
		847919F52C17198E00670BD8 = {
			isa = PBXGroup;
			children = (
				84791A002C17198E00670BD8 /* BookShop */,
				847919FF2C17198E00670BD8 /* Products */,
				53BE1797A0678961693DAB0B /* Pods */,
				DE5A693C18A734F65AF255C7 /* Frameworks */,
			);
			sourceTree = "<group>";
		};
		847919FF2C17198E00670BD8 /* Products */ = {
			isa = PBXGroup;
			children = (
				847919FE2C17198E00670BD8 /* BookShop.app */,
			);
			name = Products;
			sourceTree = "<group>";
		};
		84791A002C17198E00670BD8 /* BookShop */ = {
			isa = PBXGroup;
			children = (
				846C08452C1BC65400E3CCAF /* Delegate */,
				846C08462C1BC66100E3CCAF /* App */,
				846C08472C1BC66A00E3CCAF /* Common */,
			);
			path = BookShop;
			sourceTree = "<group>";
		};
		84DE54852C1BD54800BC5587 /* Extension */ = {
			isa = PBXGroup;
			children = (
				84DE54932C2419F700BC5587 /* Date.swift */,
				84DE54E32C32984100BC5587 /* UI.swift */,
			);
			path = Extension;
			sourceTree = "<group>";
		};
		84DE54892C202E3200BC5587 /* Search */ = {
			isa = PBXGroup;
			children = (
				84DE548A2C202E4200BC5587 /* SearchViewController.swift */,
				84DE549D2C294F1A00BC5587 /* SearchViewModel.swift */,
				84DE54DF2C3295E500BC5587 /* SearchListCellContentView.swift */,
				84DE54E52C32995700BC5587 /* SearchListCell.swift */,
			);
			path = Search;
			sourceTree = "<group>";
		};
		84DE54902C23D47A00BC5587 /* Service */ = {
			isa = PBXGroup;
			children = (
				84DE54912C23D7AC00BC5587 /* NetworkService.swift */,
				84DE54952C29330200BC5587 /* Endpoint.swift */,
				84DE54972C293E9900BC5587 /* Response.swift */,
				84DE549B2C2948CA00BC5587 /* Repository.swift */,
			);
			path = Service;
			sourceTree = "<group>";
		};
		84DE54ED2C365FD600BC5587 /* Detail */ = {
			isa = PBXGroup;
			children = (
				84DE54E72C34F0DF00BC5587 /* DetailViewController.swift */,
				84DE54EB2C35456800BC5587 /* DetailContentView.swift */,
				84DE54E92C353E5100BC5587 /* DetailViewModel.swift */,
				84DE54EE2C36915200BC5587 /* BookManager.swift */,
			);
			path = Detail;
			sourceTree = "<group>";
		};
		DE5A693C18A734F65AF255C7 /* Frameworks */ = {
			isa = PBXGroup;
			children = (
				79C304B7C2345890960CA85D /* Pods_BookShop.framework */,
			);
			name = Frameworks;
			sourceTree = "<group>";
		};
/* End PBXGroup section */

/* Begin PBXNativeTarget section */
		847919FD2C17198E00670BD8 /* BookShop */ = {
			isa = PBXNativeTarget;
			buildConfigurationList = 84791A122C17199000670BD8 /* Build configuration list for PBXNativeTarget "BookShop" */;
			buildPhases = (
				DA90D3C38B88B78F25E67AE3 /* [CP] Check Pods Manifest.lock */,
				847919FA2C17198E00670BD8 /* Sources */,
				847919FB2C17198E00670BD8 /* Frameworks */,
				847919FC2C17198E00670BD8 /* Resources */,
				A5124398C5A39359A80EE751 /* [CP] Embed Pods Frameworks */,
			);
			buildRules = (
			);
			dependencies = (
			);
			name = BookShop;
			productName = BookShop;
			productReference = 847919FE2C17198E00670BD8 /* BookShop.app */;
			productType = "com.apple.product-type.application";
		};
/* End PBXNativeTarget section */

/* Begin PBXProject section */
		847919F62C17198E00670BD8 /* Project object */ = {
			isa = PBXProject;
			attributes = {
				BuildIndependentTargetsInParallel = 1;
				LastSwiftUpdateCheck = 1500;
				LastUpgradeCheck = 1500;
				TargetAttributes = {
					847919FD2C17198E00670BD8 = {
						CreatedOnToolsVersion = 15.0.1;
					};
				};
			};
			buildConfigurationList = 847919F92C17198E00670BD8 /* Build configuration list for PBXProject "BookShop" */;
			compatibilityVersion = "Xcode 14.0";
			developmentRegion = en;
			hasScannedForEncodings = 0;
			knownRegions = (
				en,
				Base,
			);
			mainGroup = 847919F52C17198E00670BD8;
			productRefGroup = 847919FF2C17198E00670BD8 /* Products */;
			projectDirPath = "";
			projectRoot = "";
			targets = (
				847919FD2C17198E00670BD8 /* BookShop */,
			);
		};
/* End PBXProject section */

/* Begin PBXResourcesBuildPhase section */
		847919FC2C17198E00670BD8 /* Resources */ = {
			isa = PBXResourcesBuildPhase;
			buildActionMask = 2147483647;
			files = (
				84791A0E2C17199000670BD8 /* LaunchScreen.storyboard in Resources */,
				84791A0B2C17199000670BD8 /* Assets.xcassets in Resources */,
			);
			runOnlyForDeploymentPostprocessing = 0;
		};
/* End PBXResourcesBuildPhase section */

/* Begin PBXShellScriptBuildPhase section */
		A5124398C5A39359A80EE751 /* [CP] Embed Pods Frameworks */ = {
			isa = PBXShellScriptBuildPhase;
			buildActionMask = 2147483647;
			files = (
			);
			inputFileListPaths = (
				"${PODS_ROOT}/Target Support Files/Pods-BookShop/Pods-BookShop-frameworks-${CONFIGURATION}-input-files.xcfilelist",
			);
			name = "[CP] Embed Pods Frameworks";
			outputFileListPaths = (
				"${PODS_ROOT}/Target Support Files/Pods-BookShop/Pods-BookShop-frameworks-${CONFIGURATION}-output-files.xcfilelist",
			);
			runOnlyForDeploymentPostprocessing = 0;
			shellPath = /bin/sh;
			shellScript = "\"${PODS_ROOT}/Target Support Files/Pods-BookShop/Pods-BookShop-frameworks.sh\"\n";
			showEnvVarsInLog = 0;
		};
		DA90D3C38B88B78F25E67AE3 /* [CP] Check Pods Manifest.lock */ = {
			isa = PBXShellScriptBuildPhase;
			buildActionMask = 2147483647;
			files = (
			);
			inputFileListPaths = (
			);
			inputPaths = (
				"${PODS_PODFILE_DIR_PATH}/Podfile.lock",
				"${PODS_ROOT}/Manifest.lock",
			);
			name = "[CP] Check Pods Manifest.lock";
			outputFileListPaths = (
			);
			outputPaths = (
				"$(DERIVED_FILE_DIR)/Pods-BookShop-checkManifestLockResult.txt",
			);
			runOnlyForDeploymentPostprocessing = 0;
			shellPath = /bin/sh;
			shellScript = "diff \"${PODS_PODFILE_DIR_PATH}/Podfile.lock\" \"${PODS_ROOT}/Manifest.lock\" > /dev/null\nif [ $? != 0 ] ; then\n    # print error to STDERR\n    echo \"error: The sandbox is not in sync with the Podfile.lock. Run 'pod install' or update your CocoaPods installation.\" >&2\n    exit 1\nfi\n# This output is used by Xcode 'outputs' to avoid re-running this script phase.\necho \"SUCCESS\" > \"${SCRIPT_OUTPUT_FILE_0}\"\n";
			showEnvVarsInLog = 0;
		};
/* End PBXShellScriptBuildPhase section */

/* Begin PBXSourcesBuildPhase section */
		847919FA2C17198E00670BD8 /* Sources */ = {
			isa = PBXSourcesBuildPhase;
			buildActionMask = 2147483647;
			files = (
				84DE549E2C294F1B00BC5587 /* SearchViewModel.swift in Sources */,
				84DE54E82C34F0DF00BC5587 /* DetailViewController.swift in Sources */,
				84DE54E62C32995700BC5587 /* SearchListCell.swift in Sources */,
				84791A062C17198E00670BD8 /* RootViewController.swift in Sources */,
				84791A022C17198E00670BD8 /* AppDelegate.swift in Sources */,
				84DE54962C29330200BC5587 /* Endpoint.swift in Sources */,
				84DE54942C2419F700BC5587 /* Date.swift in Sources */,
				84791A042C17198E00670BD8 /* SceneDelegate.swift in Sources */,
				84DE54EC2C35456800BC5587 /* DetailContentView.swift in Sources */,
				84DE548B2C202E4200BC5587 /* SearchViewController.swift in Sources */,
				84DE54982C293E9900BC5587 /* Response.swift in Sources */,
				84DE54E42C32984100BC5587 /* UI.swift in Sources */,
				84DE549C2C2948CA00BC5587 /* Repository.swift in Sources */,
				84DE54922C23D7AC00BC5587 /* NetworkService.swift in Sources */,
				84DE54EA2C353E5100BC5587 /* DetailViewModel.swift in Sources */,
				84DE54A02C294F2100BC5587 /* ViewModel.swift in Sources */,
				84DE54E22C32960400BC5587 /* BaseView.swift in Sources */,
				84DE54E02C3295E500BC5587 /* SearchListCellContentView.swift in Sources */,
				84DE54EF2C36915200BC5587 /* BookManager.swift in Sources */,
				84DE54872C1BD56800BC5587 /* Device.swift in Sources */,
			);
			runOnlyForDeploymentPostprocessing = 0;
		};
/* End PBXSourcesBuildPhase section */

/* Begin PBXVariantGroup section */
		84791A0C2C17199000670BD8 /* LaunchScreen.storyboard */ = {
			isa = PBXVariantGroup;
			children = (
				84791A0D2C17199000670BD8 /* Base */,
			);
			name = LaunchScreen.storyboard;
			sourceTree = "<group>";
		};
/* End PBXVariantGroup section */

/* Begin XCBuildConfiguration section */
		84791A102C17199000670BD8 /* Debug */ = {
			isa = XCBuildConfiguration;
			buildSettings = {
				ALWAYS_SEARCH_USER_PATHS = NO;
				ASSETCATALOG_COMPILER_GENERATE_SWIFT_ASSET_SYMBOL_EXTENSIONS = YES;
				CLANG_ANALYZER_NONNULL = YES;
				CLANG_ANALYZER_NUMBER_OBJECT_CONVERSION = YES_AGGRESSIVE;
				CLANG_CXX_LANGUAGE_STANDARD = "gnu++20";
				CLANG_ENABLE_MODULES = YES;
				CLANG_ENABLE_OBJC_ARC = YES;
				CLANG_ENABLE_OBJC_WEAK = YES;
				CLANG_WARN_BLOCK_CAPTURE_AUTORELEASING = YES;
				CLANG_WARN_BOOL_CONVERSION = YES;
				CLANG_WARN_COMMA = YES;
				CLANG_WARN_CONSTANT_CONVERSION = YES;
				CLANG_WARN_DEPRECATED_OBJC_IMPLEMENTATIONS = YES;
				CLANG_WARN_DIRECT_OBJC_ISA_USAGE = YES_ERROR;
				CLANG_WARN_DOCUMENTATION_COMMENTS = YES;
				CLANG_WARN_EMPTY_BODY = YES;
				CLANG_WARN_ENUM_CONVERSION = YES;
				CLANG_WARN_INFINITE_RECURSION = YES;
				CLANG_WARN_INT_CONVERSION = YES;
				CLANG_WARN_NON_LITERAL_NULL_CONVERSION = YES;
				CLANG_WARN_OBJC_IMPLICIT_RETAIN_SELF = YES;
				CLANG_WARN_OBJC_LITERAL_CONVERSION = YES;
				CLANG_WARN_OBJC_ROOT_CLASS = YES_ERROR;
				CLANG_WARN_QUOTED_INCLUDE_IN_FRAMEWORK_HEADER = YES;
				CLANG_WARN_RANGE_LOOP_ANALYSIS = YES;
				CLANG_WARN_STRICT_PROTOTYPES = YES;
				CLANG_WARN_SUSPICIOUS_MOVE = YES;
				CLANG_WARN_UNGUARDED_AVAILABILITY = YES_AGGRESSIVE;
				CLANG_WARN_UNREACHABLE_CODE = YES;
				CLANG_WARN__DUPLICATE_METHOD_MATCH = YES;
				COPY_PHASE_STRIP = NO;
				DEBUG_INFORMATION_FORMAT = dwarf;
				ENABLE_STRICT_OBJC_MSGSEND = YES;
				ENABLE_TESTABILITY = YES;
				ENABLE_USER_SCRIPT_SANDBOXING = YES;
				GCC_C_LANGUAGE_STANDARD = gnu17;
				GCC_DYNAMIC_NO_PIC = NO;
				GCC_NO_COMMON_BLOCKS = YES;
				GCC_OPTIMIZATION_LEVEL = 0;
				GCC_PREPROCESSOR_DEFINITIONS = (
					"DEBUG=1",
					"$(inherited)",
				);
				GCC_WARN_64_TO_32_BIT_CONVERSION = YES;
				GCC_WARN_ABOUT_RETURN_TYPE = YES_ERROR;
				GCC_WARN_UNDECLARED_SELECTOR = YES;
				GCC_WARN_UNINITIALIZED_AUTOS = YES_AGGRESSIVE;
				GCC_WARN_UNUSED_FUNCTION = YES;
				GCC_WARN_UNUSED_VARIABLE = YES;
				IPHONEOS_DEPLOYMENT_TARGET = 15.0;
				LOCALIZATION_PREFERS_STRING_CATALOGS = YES;
				MTL_ENABLE_DEBUG_INFO = INCLUDE_SOURCE;
				MTL_FAST_MATH = YES;
				ONLY_ACTIVE_ARCH = YES;
				SDKROOT = iphoneos;
				SWIFT_ACTIVE_COMPILATION_CONDITIONS = "DEBUG $(inherited)";
				SWIFT_OPTIMIZATION_LEVEL = "-Onone";
			};
			name = Debug;
		};
		84791A112C17199000670BD8 /* Release */ = {
			isa = XCBuildConfiguration;
			buildSettings = {
				ALWAYS_SEARCH_USER_PATHS = NO;
				ASSETCATALOG_COMPILER_GENERATE_SWIFT_ASSET_SYMBOL_EXTENSIONS = YES;
				CLANG_ANALYZER_NONNULL = YES;
				CLANG_ANALYZER_NUMBER_OBJECT_CONVERSION = YES_AGGRESSIVE;
				CLANG_CXX_LANGUAGE_STANDARD = "gnu++20";
				CLANG_ENABLE_MODULES = YES;
				CLANG_ENABLE_OBJC_ARC = YES;
				CLANG_ENABLE_OBJC_WEAK = YES;
				CLANG_WARN_BLOCK_CAPTURE_AUTORELEASING = YES;
				CLANG_WARN_BOOL_CONVERSION = YES;
				CLANG_WARN_COMMA = YES;
				CLANG_WARN_CONSTANT_CONVERSION = YES;
				CLANG_WARN_DEPRECATED_OBJC_IMPLEMENTATIONS = YES;
				CLANG_WARN_DIRECT_OBJC_ISA_USAGE = YES_ERROR;
				CLANG_WARN_DOCUMENTATION_COMMENTS = YES;
				CLANG_WARN_EMPTY_BODY = YES;
				CLANG_WARN_ENUM_CONVERSION = YES;
				CLANG_WARN_INFINITE_RECURSION = YES;
				CLANG_WARN_INT_CONVERSION = YES;
				CLANG_WARN_NON_LITERAL_NULL_CONVERSION = YES;
				CLANG_WARN_OBJC_IMPLICIT_RETAIN_SELF = YES;
				CLANG_WARN_OBJC_LITERAL_CONVERSION = YES;
				CLANG_WARN_OBJC_ROOT_CLASS = YES_ERROR;
				CLANG_WARN_QUOTED_INCLUDE_IN_FRAMEWORK_HEADER = YES;
				CLANG_WARN_RANGE_LOOP_ANALYSIS = YES;
				CLANG_WARN_STRICT_PROTOTYPES = YES;
				CLANG_WARN_SUSPICIOUS_MOVE = YES;
				CLANG_WARN_UNGUARDED_AVAILABILITY = YES_AGGRESSIVE;
				CLANG_WARN_UNREACHABLE_CODE = YES;
				CLANG_WARN__DUPLICATE_METHOD_MATCH = YES;
				COPY_PHASE_STRIP = NO;
				DEBUG_INFORMATION_FORMAT = "dwarf-with-dsym";
				ENABLE_NS_ASSERTIONS = NO;
				ENABLE_STRICT_OBJC_MSGSEND = YES;
				ENABLE_USER_SCRIPT_SANDBOXING = YES;
				GCC_C_LANGUAGE_STANDARD = gnu17;
				GCC_NO_COMMON_BLOCKS = YES;
				GCC_WARN_64_TO_32_BIT_CONVERSION = YES;
				GCC_WARN_ABOUT_RETURN_TYPE = YES_ERROR;
				GCC_WARN_UNDECLARED_SELECTOR = YES;
				GCC_WARN_UNINITIALIZED_AUTOS = YES_AGGRESSIVE;
				GCC_WARN_UNUSED_FUNCTION = YES;
				GCC_WARN_UNUSED_VARIABLE = YES;
				IPHONEOS_DEPLOYMENT_TARGET = 15.0;
				LOCALIZATION_PREFERS_STRING_CATALOGS = YES;
				MTL_ENABLE_DEBUG_INFO = NO;
				MTL_FAST_MATH = YES;
				SDKROOT = iphoneos;
				SWIFT_COMPILATION_MODE = wholemodule;
				VALIDATE_PRODUCT = YES;
			};
			name = Release;
		};
		84791A132C17199000670BD8 /* Debug */ = {
			isa = XCBuildConfiguration;
			baseConfigurationReference = 0C140DE78E22E4D695153D9B /* Pods-BookShop.debug.xcconfig */;
			buildSettings = {
				ASSETCATALOG_COMPILER_APPICON_NAME = AppIcon;
				ASSETCATALOG_COMPILER_GLOBAL_ACCENT_COLOR_NAME = AccentColor;
				CODE_SIGN_IDENTITY = "Apple Development";
				CODE_SIGN_STYLE = Automatic;
				CURRENT_PROJECT_VERSION = 1;
				DEVELOPMENT_TEAM = RT3T8DHJJ3;
				ENABLE_USER_SCRIPT_SANDBOXING = NO;
				GENERATE_INFOPLIST_FILE = YES;
				INFOPLIST_FILE = BookShop/Common/Info.plist;
				INFOPLIST_KEY_UIApplicationSupportsIndirectInputEvents = YES;
				INFOPLIST_KEY_UILaunchStoryboardName = LaunchScreen;
				INFOPLIST_KEY_UIMainStoryboardFile = "";
				INFOPLIST_KEY_UISupportedInterfaceOrientations = UIInterfaceOrientationPortrait;
				INFOPLIST_KEY_UISupportedInterfaceOrientations_iPad = "UIInterfaceOrientationLandscapeLeft UIInterfaceOrientationLandscapeRight UIInterfaceOrientationPortraitUpsideDown";
				IPHONEOS_DEPLOYMENT_TARGET = 15.0;
				LD_RUNPATH_SEARCH_PATHS = (
					"$(inherited)",
					"@executable_path/Frameworks",
				);
				MARKETING_VERSION = 1.0;
				PRODUCT_BUNDLE_IDENTIFIER = kr.co.gKang.BookShop;
				PRODUCT_NAME = "$(TARGET_NAME)";
				PROVISIONING_PROFILE_SPECIFIER = "";
				SUPPORTED_PLATFORMS = "iphoneos iphonesimulator";
				SUPPORTS_MACCATALYST = NO;
				SUPPORTS_MAC_DESIGNED_FOR_IPHONE_IPAD = NO;
				SWIFT_EMIT_LOC_STRINGS = YES;
				SWIFT_VERSION = 5.0;
				TARGETED_DEVICE_FAMILY = 1;
			};
			name = Debug;
		};
		84791A142C17199000670BD8 /* Release */ = {
			isa = XCBuildConfiguration;
			baseConfigurationReference = 22AE6A7D42EF7E45BAA30D77 /* Pods-BookShop.release.xcconfig */;
			buildSettings = {
				ASSETCATALOG_COMPILER_APPICON_NAME = AppIcon;
				ASSETCATALOG_COMPILER_GLOBAL_ACCENT_COLOR_NAME = AccentColor;
				CODE_SIGN_IDENTITY = "Apple Development";
				CODE_SIGN_STYLE = Automatic;
				CURRENT_PROJECT_VERSION = 1;
				DEVELOPMENT_TEAM = RT3T8DHJJ3;
				ENABLE_USER_SCRIPT_SANDBOXING = NO;
				GENERATE_INFOPLIST_FILE = YES;
				INFOPLIST_FILE = BookShop/Common/Info.plist;
				INFOPLIST_KEY_UIApplicationSupportsIndirectInputEvents = YES;
				INFOPLIST_KEY_UILaunchStoryboardName = LaunchScreen;
				INFOPLIST_KEY_UIMainStoryboardFile = "";
				INFOPLIST_KEY_UISupportedInterfaceOrientations = UIInterfaceOrientationPortrait;
				INFOPLIST_KEY_UISupportedInterfaceOrientations_iPad = "UIInterfaceOrientationLandscapeLeft UIInterfaceOrientationLandscapeRight UIInterfaceOrientationPortraitUpsideDown";
				IPHONEOS_DEPLOYMENT_TARGET = 15.0;
				LD_RUNPATH_SEARCH_PATHS = (
					"$(inherited)",
					"@executable_path/Frameworks",
				);
				MARKETING_VERSION = 1.0;
				PRODUCT_BUNDLE_IDENTIFIER = kr.co.gKang.BookShop;
				PRODUCT_NAME = "$(TARGET_NAME)";
				PROVISIONING_PROFILE_SPECIFIER = "";
				SUPPORTED_PLATFORMS = "iphoneos iphonesimulator";
				SUPPORTS_MACCATALYST = NO;
				SUPPORTS_MAC_DESIGNED_FOR_IPHONE_IPAD = NO;
				SWIFT_EMIT_LOC_STRINGS = YES;
				SWIFT_VERSION = 5.0;
				TARGETED_DEVICE_FAMILY = 1;
			};
			name = Release;
		};
/* End XCBuildConfiguration section */

/* Begin XCConfigurationList section */
		847919F92C17198E00670BD8 /* Build configuration list for PBXProject "BookShop" */ = {
			isa = XCConfigurationList;
			buildConfigurations = (
				84791A102C17199000670BD8 /* Debug */,
				84791A112C17199000670BD8 /* Release */,
			);
			defaultConfigurationIsVisible = 0;
			defaultConfigurationName = Release;
		};
		84791A122C17199000670BD8 /* Build configuration list for PBXNativeTarget "BookShop" */ = {
			isa = XCConfigurationList;
			buildConfigurations = (
				84791A132C17199000670BD8 /* Debug */,
				84791A142C17199000670BD8 /* Release */,
			);
			defaultConfigurationIsVisible = 0;
			defaultConfigurationName = Release;
		};
/* End XCConfigurationList section */
	};
	rootObject = 847919F62C17198E00670BD8 /* Project object */;
}
